
Microsoft Visual Studio Solution File, Format Version 12.00
# Visual Studio Version 16
VisualStudioVersion = 16.0.31205.134
MinimumVisualStudioVersion = 10.0.40219.1
Project("{FAE04EC0-301F-11D3-BF4B-00C04F79EFBC}") = "UiPath.API.Calls", "UiPath.API.Calls\UiPath.API.Calls.csproj", "{5CFC8861-2A0E-44FA-AC8A-53A038E883CC}"
EndProject
Global
	GlobalSection(SolutionConfigurationPlatforms) = preSolution
		Debug|Any CPU = Debug|Any CPU
		Release|Any CPU = Release|Any CPU
	EndGlobalSection
	GlobalSection(ProjectConfigurationPlatforms) = postSolution
		{5CFC8861-2A0E-44FA-AC8A-53A038E883CC}.Debug|Any CPU.ActiveCfg = Debug|Any CPU
		{5CFC8861-2A0E-44FA-AC8A-53A038E883CC}.Debug|Any CPU.Build.0 = Debug|Any CPU
		{5CFC8861-2A0E-44FA-AC8A-53A038E883CC}.Release|Any CPU.ActiveCfg = Release|Any CPU
		{5CFC8861-2A0E-44FA-AC8A-53A038E883CC}.Release|Any CPU.Build.0 = Release|Any CPU
	EndGlobalSection
	GlobalSection(SolutionProperties) = preSolution
		HideSolutionNode = FALSE
	EndGlobalSection
	GlobalSection(ExtensibilityGlobals) = postSolution
		SolutionGuid = {09352E78-2D98-41C0-B1D1-DA1F4941E0FB}
	EndGlobalSection
EndGlobal
